// !$*UTF8*$!
{
	archiveVersion = 1;
	classes = {
	};
	objectVersion = 50;
	objects = {

/* Begin PBXBuildFile section */
		1B425D6C26CBC3C3003CD01C /* APICaller.swift in Sources */ = {isa = PBXBuildFile; fileRef = 1B425D6B26CBC3C3003CD01C /* APICaller.swift */; };
		1B425D6F26CBC3D5003CD01C /* PersistanceManager.swift in Sources */ = {isa = PBXBuildFile; fileRef = 1B425D6E26CBC3D5003CD01C /* PersistanceManager.swift */; };
		1B425D7226CBC3E4003CD01C /* HapticsManager.swift in Sources */ = {isa = PBXBuildFile; fileRef = 1B425D7126CBC3E4003CD01C /* HapticsManager.swift */; };
		1B425D7526CD08DD003CD01C /* TopStoriesViewController.swift in Sources */ = {isa = PBXBuildFile; fileRef = 1B425D7426CD08DD003CD01C /* TopStoriesViewController.swift */; };
		1B425D7826CD08F3003CD01C /* SearchResultsViewController.swift in Sources */ = {isa = PBXBuildFile; fileRef = 1B425D7726CD08F3003CD01C /* SearchResultsViewController.swift */; };
		1BFB3CD026CAA2F9003D7C31 /* AppDelegate.swift in Sources */ = {isa = PBXBuildFile; fileRef = 1BFB3CCF26CAA2F9003D7C31 /* AppDelegate.swift */; };
		1BFB3CD226CAA2F9003D7C31 /* SceneDelegate.swift in Sources */ = {isa = PBXBuildFile; fileRef = 1BFB3CD126CAA2F9003D7C31 /* SceneDelegate.swift */; };
		1BFB3CD426CAA2F9003D7C31 /* ViewController.swift in Sources */ = {isa = PBXBuildFile; fileRef = 1BFB3CD326CAA2F9003D7C31 /* ViewController.swift */; };
		1BFB3CD926CAA2FE003D7C31 /* Assets.xcassets in Resources */ = {isa = PBXBuildFile; fileRef = 1BFB3CD826CAA2FE003D7C31 /* Assets.xcassets */; };
		1BFB3CDC26CAA2FE003D7C31 /* LaunchScreen.storyboard in Resources */ = {isa = PBXBuildFile; fileRef = 1BFB3CDA26CAA2FE003D7C31 /* LaunchScreen.storyboard */; };
		1BFB3CEC26CAA9A6003D7C31 /* WatchListViewController.swift in Sources */ = {isa = PBXBuildFile; fileRef = 1BFB3CEB26CAA9A6003D7C31 /* WatchListViewController.swift */; };
/* End PBXBuildFile section */

/* Begin PBXFileReference section */
		1B425D6B26CBC3C3003CD01C /* APICaller.swift */ = {isa = PBXFileReference; lastKnownFileType = sourcecode.swift; path = APICaller.swift; sourceTree = "<group>"; };
		1B425D6E26CBC3D5003CD01C /* PersistanceManager.swift */ = {isa = PBXFileReference; lastKnownFileType = sourcecode.swift; path = PersistanceManager.swift; sourceTree = "<group>"; };
		1B425D7126CBC3E4003CD01C /* HapticsManager.swift */ = {isa = PBXFileReference; lastKnownFileType = sourcecode.swift; path = HapticsManager.swift; sourceTree = "<group>"; };
		1B425D7426CD08DD003CD01C /* TopStoriesViewController.swift */ = {isa = PBXFileReference; lastKnownFileType = sourcecode.swift; path = TopStoriesViewController.swift; sourceTree = "<group>"; };
		1B425D7726CD08F3003CD01C /* SearchResultsViewController.swift */ = {isa = PBXFileReference; lastKnownFileType = sourcecode.swift; path = SearchResultsViewController.swift; sourceTree = "<group>"; };
		1BFB3CCC26CAA2F9003D7C31 /* TheStocksApp.app */ = {isa = PBXFileReference; explicitFileType = wrapper.application; includeInIndex = 0; path = TheStocksApp.app; sourceTree = BUILT_PRODUCTS_DIR; };
		1BFB3CCF26CAA2F9003D7C31 /* AppDelegate.swift */ = {isa = PBXFileReference; lastKnownFileType = sourcecode.swift; path = AppDelegate.swift; sourceTree = "<group>"; };
		1BFB3CD126CAA2F9003D7C31 /* SceneDelegate.swift */ = {isa = PBXFileReference; lastKnownFileType = sourcecode.swift; path = SceneDelegate.swift; sourceTree = "<group>"; };
		1BFB3CD326CAA2F9003D7C31 /* ViewController.swift */ = {isa = PBXFileReference; lastKnownFileType = sourcecode.swift; path = ViewController.swift; sourceTree = "<group>"; };
		1BFB3CD826CAA2FE003D7C31 /* Assets.xcassets */ = {isa = PBXFileReference; lastKnownFileType = folder.assetcatalog; path = Assets.xcassets; sourceTree = "<group>"; };
		1BFB3CDB26CAA2FE003D7C31 /* Base */ = {isa = PBXFileReference; lastKnownFileType = file.storyboard; name = Base; path = Base.lproj/LaunchScreen.storyboard; sourceTree = "<group>"; };
		1BFB3CDD26CAA2FE003D7C31 /* Info.plist */ = {isa = PBXFileReference; lastKnownFileType = text.plist.xml; path = Info.plist; sourceTree = "<group>"; };
		1BFB3CEB26CAA9A6003D7C31 /* WatchListViewController.swift */ = {isa = PBXFileReference; lastKnownFileType = sourcecode.swift; path = WatchListViewController.swift; sourceTree = "<group>"; };
/* End PBXFileReference section */

/* Begin PBXFrameworksBuildPhase section */
		1BFB3CC926CAA2F9003D7C31 /* Frameworks */ = {
			isa = PBXFrameworksBuildPhase;
			buildActionMask = 2147483647;
			files = (
			);
			runOnlyForDeploymentPostprocessing = 0;
		};
/* End PBXFrameworksBuildPhase section */

/* Begin PBXGroup section */
		1BFB3CC326CAA2F9003D7C31 = {
			isa = PBXGroup;
			children = (
				1BFB3CCE26CAA2F9003D7C31 /* TheStocksApp */,
				1BFB3CCD26CAA2F9003D7C31 /* Products */,
			);
			sourceTree = "<group>";
		};
		1BFB3CCD26CAA2F9003D7C31 /* Products */ = {
			isa = PBXGroup;
			children = (
				1BFB3CCC26CAA2F9003D7C31 /* TheStocksApp.app */,
			);
			name = Products;
			sourceTree = "<group>";
		};
		1BFB3CCE26CAA2F9003D7C31 /* TheStocksApp */ = {
			isa = PBXGroup;
			children = (
				1BFB3CEA26CAA841003D7C31 /* Other */,
				1BFB3CE926CAA82F003D7C31 /* Managers */,
				1BFB3CE826CAA828003D7C31 /* Controllers */,
				1BFB3CE726CAA822003D7C31 /* Views */,
				1BFB3CE626CAA810003D7C31 /* Models */,
				1BFB3CCF26CAA2F9003D7C31 /* AppDelegate.swift */,
				1BFB3CD126CAA2F9003D7C31 /* SceneDelegate.swift */,
				1BFB3CD326CAA2F9003D7C31 /* ViewController.swift */,
				1BFB3CD826CAA2FE003D7C31 /* Assets.xcassets */,
				1BFB3CDA26CAA2FE003D7C31 /* LaunchScreen.storyboard */,
				1BFB3CDD26CAA2FE003D7C31 /* Info.plist */,
			);
			path = TheStocksApp;
			sourceTree = "<group>";
		};
		1BFB3CE626CAA810003D7C31 /* Models */ = {
			isa = PBXGroup;
			children = (
			);
			path = Models;
			sourceTree = "<group>";
		};
		1BFB3CE726CAA822003D7C31 /* Views */ = {
			isa = PBXGroup;
			children = (
			);
			path = Views;
			sourceTree = "<group>";
		};
		1BFB3CE826CAA828003D7C31 /* Controllers */ = {
			isa = PBXGroup;
			children = (
				1BFB3CEB26CAA9A6003D7C31 /* WatchListViewController.swift */,
				1B425D7426CD08DD003CD01C /* TopStoriesViewController.swift */,
				1B425D7726CD08F3003CD01C /* SearchResultsViewController.swift */,
			);
			path = Controllers;
			sourceTree = "<group>";
		};
		1BFB3CE926CAA82F003D7C31 /* Managers */ = {
			isa = PBXGroup;
			children = (
				1B425D6B26CBC3C3003CD01C /* APICaller.swift */,
				1B425D6E26CBC3D5003CD01C /* PersistanceManager.swift */,
				1B425D7126CBC3E4003CD01C /* HapticsManager.swift */,
			);
			path = Managers;
			sourceTree = "<group>";
		};
		1BFB3CEA26CAA841003D7C31 /* Other */ = {
			isa = PBXGroup;
			children = (
			);
			path = Other;
			sourceTree = "<group>";
		};
/* End PBXGroup section */

/* Begin PBXNativeTarget section */
		1BFB3CCB26CAA2F9003D7C31 /* TheStocksApp */ = {
			isa = PBXNativeTarget;
			buildConfigurationList = 1BFB3CE026CAA2FE003D7C31 /* Build configuration list for PBXNativeTarget "TheStocksApp" */;
			buildPhases = (
				1BFB3CC826CAA2F9003D7C31 /* Sources */,
				1BFB3CC926CAA2F9003D7C31 /* Frameworks */,
				1BFB3CCA26CAA2F9003D7C31 /* Resources */,
			);
			buildRules = (
			);
			dependencies = (
			);
			name = TheStocksApp;
			productName = TheStocksApp;
			productReference = 1BFB3CCC26CAA2F9003D7C31 /* TheStocksApp.app */;
			productType = "com.apple.product-type.application";
		};
/* End PBXNativeTarget section */

/* Begin PBXProject section */
		1BFB3CC426CAA2F9003D7C31 /* Project object */ = {
			isa = PBXProject;
			attributes = {
				LastSwiftUpdateCheck = 1240;
				LastUpgradeCheck = 1240;
				TargetAttributes = {
					1BFB3CCB26CAA2F9003D7C31 = {
						CreatedOnToolsVersion = 12.4;
					};
				};
			};
			buildConfigurationList = 1BFB3CC726CAA2F9003D7C31 /* Build configuration list for PBXProject "TheStocksApp" */;
			compatibilityVersion = "Xcode 9.3";
			developmentRegion = en;
			hasScannedForEncodings = 0;
			knownRegions = (
				en,
				Base,
			);
			mainGroup = 1BFB3CC326CAA2F9003D7C31;
			productRefGroup = 1BFB3CCD26CAA2F9003D7C31 /* Products */;
			projectDirPath = "";
			projectRoot = "";
			targets = (
				1BFB3CCB26CAA2F9003D7C31 /* TheStocksApp */,
			);
		};
/* End PBXProject section */

/* Begin PBXResourcesBuildPhase section */
		1BFB3CCA26CAA2F9003D7C31 /* Resources */ = {
			isa = PBXResourcesBuildPhase;
			buildActionMask = 2147483647;
			files = (
				1BFB3CDC26CAA2FE003D7C31 /* LaunchScreen.storyboard in Resources */,
				1BFB3CD926CAA2FE003D7C31 /* Assets.xcassets in Resources */,
			);
			runOnlyForDeploymentPostprocessing = 0;
		};
/* End PBXResourcesBuildPhase section */

/* Begin PBXSourcesBuildPhase section */
		1BFB3CC826CAA2F9003D7C31 /* Sources */ = {
			isa = PBXSourcesBuildPhase;
			buildActionMask = 2147483647;
			files = (
				1BFB3CD426CAA2F9003D7C31 /* ViewController.swift in Sources */,
				1BFB3CD026CAA2F9003D7C31 /* AppDelegate.swift in Sources */,
				1B425D7226CBC3E4003CD01C /* HapticsManager.swift in Sources */,
				1BFB3CEC26CAA9A6003D7C31 /* WatchListViewController.swift in Sources */,
				1B425D7526CD08DD003CD01C /* TopStoriesViewController.swift in Sources */,
				1B425D6F26CBC3D5003CD01C /* PersistanceManager.swift in Sources */,
				1B425D6C26CBC3C3003CD01C /* APICaller.swift in Sources */,
				1B425D7826CD08F3003CD01C /* SearchResultsViewController.swift in Sources */,
				1BFB3CD226CAA2F9003D7C31 /* SceneDelegate.swift in Sources */,
			);
			runOnlyForDeploymentPostprocessing = 0;
		};
/* End PBXSourcesBuildPhase section */

/* Begin PBXVariantGroup section */
		1BFB3CDA26CAA2FE003D7C31 /* LaunchScreen.storyboard */ = {
			isa = PBXVariantGroup;
			children = (
				1BFB3CDB26CAA2FE003D7C31 /* Base */,
			);
			name = LaunchScreen.storyboard;
			sourceTree = "<group>";
		};
/* End PBXVariantGroup section */

/* Begin XCBuildConfiguration section */
		1BFB3CDE26CAA2FE003D7C31 /* Debug */ = {
			isa = XCBuildConfiguration;
			buildSettings = {
				ALWAYS_SEARCH_USER_PATHS = NO;
				CLANG_ANALYZER_NONNULL = YES;
				CLANG_ANALYZER_NUMBER_OBJECT_CONVERSION = YES_AGGRESSIVE;
				CLANG_CXX_LANGUAGE_STANDARD = "gnu++14";
				CLANG_CXX_LIBRARY = "libc++";
				CLANG_ENABLE_MODULES = YES;
				CLANG_ENABLE_OBJC_ARC = YES;
				CLANG_ENABLE_OBJC_WEAK = YES;
				CLANG_WARN_BLOCK_CAPTURE_AUTORELEASING = YES;
				CLANG_WARN_BOOL_CONVERSION = YES;
				CLANG_WARN_COMMA = YES;
				CLANG_WARN_CONSTANT_CONVERSION = YES;
				CLANG_WARN_DEPRECATED_OBJC_IMPLEMENTATIONS = YES;
				CLANG_WARN_DIRECT_OBJC_ISA_USAGE = YES_ERROR;
				CLANG_WARN_DOCUMENTATION_COMMENTS = YES;
				CLANG_WARN_EMPTY_BODY = YES;
				CLANG_WARN_ENUM_CONVERSION = YES;
				CLANG_WARN_INFINITE_RECURSION = YES;
				CLANG_WARN_INT_CONVERSION = YES;
				CLANG_WARN_NON_LITERAL_NULL_CONVERSION = YES;
				CLANG_WARN_OBJC_IMPLICIT_RETAIN_SELF = YES;
				CLANG_WARN_OBJC_LITERAL_CONVERSION = YES;
				CLANG_WARN_OBJC_ROOT_CLASS = YES_ERROR;
				CLANG_WARN_QUOTED_INCLUDE_IN_FRAMEWORK_HEADER = YES;
				CLANG_WARN_RANGE_LOOP_ANALYSIS = YES;
				CLANG_WARN_STRICT_PROTOTYPES = YES;
				CLANG_WARN_SUSPICIOUS_MOVE = YES;
				CLANG_WARN_UNGUARDED_AVAILABILITY = YES_AGGRESSIVE;
				CLANG_WARN_UNREACHABLE_CODE = YES;
				CLANG_WARN__DUPLICATE_METHOD_MATCH = YES;
				COPY_PHASE_STRIP = NO;
				DEBUG_INFORMATION_FORMAT = dwarf;
				ENABLE_STRICT_OBJC_MSGSEND = YES;
				ENABLE_TESTABILITY = YES;
				GCC_C_LANGUAGE_STANDARD = gnu11;
				GCC_DYNAMIC_NO_PIC = NO;
				GCC_NO_COMMON_BLOCKS = YES;
				GCC_OPTIMIZATION_LEVEL = 0;
				GCC_PREPROCESSOR_DEFINITIONS = (
					"DEBUG=1",
					"$(inherited)",
				);
				GCC_WARN_64_TO_32_BIT_CONVERSION = YES;
				GCC_WARN_ABOUT_RETURN_TYPE = YES_ERROR;
				GCC_WARN_UNDECLARED_SELECTOR = YES;
				GCC_WARN_UNINITIALIZED_AUTOS = YES_AGGRESSIVE;
				GCC_WARN_UNUSED_FUNCTION = YES;
				GCC_WARN_UNUSED_VARIABLE = YES;
				IPHONEOS_DEPLOYMENT_TARGET = 14.4;
				MTL_ENABLE_DEBUG_INFO = INCLUDE_SOURCE;
				MTL_FAST_MATH = YES;
				ONLY_ACTIVE_ARCH = YES;
				SDKROOT = iphoneos;
				SWIFT_ACTIVE_COMPILATION_CONDITIONS = DEBUG;
				SWIFT_OPTIMIZATION_LEVEL = "-Onone";
			};
			name = Debug;
		};
		1BFB3CDF26CAA2FE003D7C31 /* Release */ = {
			isa = XCBuildConfiguration;
			buildSettings = {
				ALWAYS_SEARCH_USER_PATHS = NO;
				CLANG_ANALYZER_NONNULL = YES;
				CLANG_ANALYZER_NUMBER_OBJECT_CONVERSION = YES_AGGRESSIVE;
				CLANG_CXX_LANGUAGE_STANDARD = "gnu++14";
				CLANG_CXX_LIBRARY = "libc++";
				CLANG_ENABLE_MODULES = YES;
				CLANG_ENABLE_OBJC_ARC = YES;
				CLANG_ENABLE_OBJC_WEAK = YES;
				CLANG_WARN_BLOCK_CAPTURE_AUTORELEASING = YES;
				CLANG_WARN_BOOL_CONVERSION = YES;
				CLANG_WARN_COMMA = YES;
				CLANG_WARN_CONSTANT_CONVERSION = YES;
				CLANG_WARN_DEPRECATED_OBJC_IMPLEMENTATIONS = YES;
				CLANG_WARN_DIRECT_OBJC_ISA_USAGE = YES_ERROR;
				CLANG_WARN_DOCUMENTATION_COMMENTS = YES;
				CLANG_WARN_EMPTY_BODY = YES;
				CLANG_WARN_ENUM_CONVERSION = YES;
				CLANG_WARN_INFINITE_RECURSION = YES;
				CLANG_WARN_INT_CONVERSION = YES;
				CLANG_WARN_NON_LITERAL_NULL_CONVERSION = YES;
				CLANG_WARN_OBJC_IMPLICIT_RETAIN_SELF = YES;
				CLANG_WARN_OBJC_LITERAL_CONVERSION = YES;
				CLANG_WARN_OBJC_ROOT_CLASS = YES_ERROR;
				CLANG_WARN_QUOTED_INCLUDE_IN_FRAMEWORK_HEADER = YES;
				CLANG_WARN_RANGE_LOOP_ANALYSIS = YES;
				CLANG_WARN_STRICT_PROTOTYPES = YES;
				CLANG_WARN_SUSPICIOUS_MOVE = YES;
				CLANG_WARN_UNGUARDED_AVAILABILITY = YES_AGGRESSIVE;
				CLANG_WARN_UNREACHABLE_CODE = YES;
				CLANG_WARN__DUPLICATE_METHOD_MATCH = YES;
				COPY_PHASE_STRIP = NO;
				DEBUG_INFORMATION_FORMAT = "dwarf-with-dsym";
				ENABLE_NS_ASSERTIONS = NO;
				ENABLE_STRICT_OBJC_MSGSEND = YES;
				GCC_C_LANGUAGE_STANDARD = gnu11;
				GCC_NO_COMMON_BLOCKS = YES;
				GCC_WARN_64_TO_32_BIT_CONVERSION = YES;
				GCC_WARN_ABOUT_RETURN_TYPE = YES_ERROR;
				GCC_WARN_UNDECLARED_SELECTOR = YES;
				GCC_WARN_UNINITIALIZED_AUTOS = YES_AGGRESSIVE;
				GCC_WARN_UNUSED_FUNCTION = YES;
				GCC_WARN_UNUSED_VARIABLE = YES;
				IPHONEOS_DEPLOYMENT_TARGET = 14.4;
				MTL_ENABLE_DEBUG_INFO = NO;
				MTL_FAST_MATH = YES;
				SDKROOT = iphoneos;
				SWIFT_COMPILATION_MODE = wholemodule;
				SWIFT_OPTIMIZATION_LEVEL = "-O";
				VALIDATE_PRODUCT = YES;
			};
			name = Release;
		};
		1BFB3CE126CAA2FE003D7C31 /* Debug */ = {
			isa = XCBuildConfiguration;
			buildSettings = {
				ASSETCATALOG_COMPILER_APPICON_NAME = AppIcon;
				ASSETCATALOG_COMPILER_GLOBAL_ACCENT_COLOR_NAME = AccentColor;
				CODE_SIGN_STYLE = Automatic;
				DEVELOPMENT_TEAM = UMQAGMF379;
				INFOPLIST_FILE = TheStocksApp/Info.plist;
				IPHONEOS_DEPLOYMENT_TARGET = 13.0;
				LD_RUNPATH_SEARCH_PATHS = (
					"$(inherited)",
					"@executable_path/Frameworks",
				);
				PRODUCT_BUNDLE_IDENTIFIER = "Richard-Price.TheStocksApp";
				PRODUCT_NAME = "$(TARGET_NAME)";
				SWIFT_VERSION = 5.0;
				TARGETED_DEVICE_FAMILY = 1;
			};
			name = Debug;
		};
		1BFB3CE226CAA2FE003D7C31 /* Release */ = {
			isa = XCBuildConfiguration;
			buildSettings = {
				ASSETCATALOG_COMPILER_APPICON_NAME = AppIcon;
				ASSETCATALOG_COMPILER_GLOBAL_ACCENT_COLOR_NAME = AccentColor;
				CODE_SIGN_STYLE = Automatic;
				DEVELOPMENT_TEAM = UMQAGMF379;
				INFOPLIST_FILE = TheStocksApp/Info.plist;
				IPHONEOS_DEPLOYMENT_TARGET = 13.0;
				LD_RUNPATH_SEARCH_PATHS = (
					"$(inherited)",
					"@executable_path/Frameworks",
				);
				PRODUCT_BUNDLE_IDENTIFIER = "Richard-Price.TheStocksApp";
				PRODUCT_NAME = "$(TARGET_NAME)";
				SWIFT_VERSION = 5.0;
				TARGETED_DEVICE_FAMILY = 1;
			};
			name = Release;
		};
/* End XCBuildConfiguration section */

/* Begin XCConfigurationList section */
		1BFB3CC726CAA2F9003D7C31 /* Build configuration list for PBXProject "TheStocksApp" */ = {
			isa = XCConfigurationList;
			buildConfigurations = (
				1BFB3CDE26CAA2FE003D7C31 /* Debug */,
				1BFB3CDF26CAA2FE003D7C31 /* Release */,
			);
			defaultConfigurationIsVisible = 0;
			defaultConfigurationName = Release;
		};
		1BFB3CE026CAA2FE003D7C31 /* Build configuration list for PBXNativeTarget "TheStocksApp" */ = {
			isa = XCConfigurationList;
			buildConfigurations = (
				1BFB3CE126CAA2FE003D7C31 /* Debug */,
				1BFB3CE226CAA2FE003D7C31 /* Release */,
			);
			defaultConfigurationIsVisible = 0;
			defaultConfigurationName = Release;
		};
/* End XCConfigurationList section */
	};
	rootObject = 1BFB3CC426CAA2F9003D7C31 /* Project object */;
}
